// !$*UTF8*$!
{
	archiveVersion = 1;
	classes = {
	};
	objectVersion = 55;
	objects = {

/* Begin PBXBuildFile section */
		D9AD01E8270E71EA006D0E66 /* QuotesApp.swift in Sources */ = {isa = PBXBuildFile; fileRef = D9AD01E7270E71EA006D0E66 /* QuotesApp.swift */; };
		D9AD01EA270E71EA006D0E66 /* ContentView.swift in Sources */ = {isa = PBXBuildFile; fileRef = D9AD01E9270E71EA006D0E66 /* ContentView.swift */; };
		D9AD01EC270E71F5006D0E66 /* Assets.xcassets in Resources */ = {isa = PBXBuildFile; fileRef = D9AD01EB270E71F5006D0E66 /* Assets.xcassets */; };
		D9AD01EF270E71F5006D0E66 /* Preview Assets.xcassets in Resources */ = {isa = PBXBuildFile; fileRef = D9AD01EE270E71F5006D0E66 /* Preview Assets.xcassets */; };
		D9AD01F7270E7293006D0E66 /* APIConstants.swift in Sources */ = {isa = PBXBuildFile; fileRef = D9AD01F6270E7293006D0E66 /* APIConstants.swift */; };
		D9AD01FC270E7442006D0E66 /* Quote.swift in Sources */ = {isa = PBXBuildFile; fileRef = D9AD01FB270E7442006D0E66 /* Quote.swift */; };
		D9AD01FF270E774E006D0E66 /* QuoteScreen.swift in Sources */ = {isa = PBXBuildFile; fileRef = D9AD01FE270E774E006D0E66 /* QuoteScreen.swift */; };
		D9AD0202270E7AB9006D0E66 /* QuoteView.swift in Sources */ = {isa = PBXBuildFile; fileRef = D9AD0201270E7AB9006D0E66 /* QuoteView.swift */; };
		D9AD0206270E7C64006D0E66 /* QuotesService.swift in Sources */ = {isa = PBXBuildFile; fileRef = D9AD0205270E7C64006D0E66 /* QuotesService.swift */; };
		D9AD0209270E7EFA006D0E66 /* QuotesViewModel.swift in Sources */ = {isa = PBXBuildFile; fileRef = D9AD0208270E7EFA006D0E66 /* QuotesViewModel.swift */; };
		D9AD020E270E88A6006D0E66 /* LoadingView.swift in Sources */ = {isa = PBXBuildFile; fileRef = D9AD020D270E88A6006D0E66 /* LoadingView.swift */; };
/* End PBXBuildFile section */

/* Begin PBXFileReference section */
		D9AD01E4270E71EA006D0E66 /* Quotes.app */ = {isa = PBXFileReference; explicitFileType = wrapper.application; includeInIndex = 0; path = Quotes.app; sourceTree = BUILT_PRODUCTS_DIR; };
		D9AD01E7270E71EA006D0E66 /* QuotesApp.swift */ = {isa = PBXFileReference; lastKnownFileType = sourcecode.swift; path = QuotesApp.swift; sourceTree = "<group>"; };
		D9AD01E9270E71EA006D0E66 /* ContentView.swift */ = {isa = PBXFileReference; lastKnownFileType = sourcecode.swift; path = ContentView.swift; sourceTree = "<group>"; };
		D9AD01EB270E71F5006D0E66 /* Assets.xcassets */ = {isa = PBXFileReference; lastKnownFileType = folder.assetcatalog; path = Assets.xcassets; sourceTree = "<group>"; };
		D9AD01EE270E71F5006D0E66 /* Preview Assets.xcassets */ = {isa = PBXFileReference; lastKnownFileType = folder.assetcatalog; path = "Preview Assets.xcassets"; sourceTree = "<group>"; };
		D9AD01F6270E7293006D0E66 /* APIConstants.swift */ = {isa = PBXFileReference; lastKnownFileType = sourcecode.swift; path = APIConstants.swift; sourceTree = "<group>"; };
		D9AD01FB270E7442006D0E66 /* Quote.swift */ = {isa = PBXFileReference; lastKnownFileType = sourcecode.swift; path = Quote.swift; sourceTree = "<group>"; };
		D9AD01FE270E774E006D0E66 /* QuoteScreen.swift */ = {isa = PBXFileReference; lastKnownFileType = sourcecode.swift; path = QuoteScreen.swift; sourceTree = "<group>"; };
		D9AD0201270E7AB9006D0E66 /* QuoteView.swift */ = {isa = PBXFileReference; lastKnownFileType = sourcecode.swift; path = QuoteView.swift; sourceTree = "<group>"; };
		D9AD0205270E7C64006D0E66 /* QuotesService.swift */ = {isa = PBXFileReference; lastKnownFileType = sourcecode.swift; path = QuotesService.swift; sourceTree = "<group>"; };
		D9AD0208270E7EFA006D0E66 /* QuotesViewModel.swift */ = {isa = PBXFileReference; lastKnownFileType = sourcecode.swift; path = QuotesViewModel.swift; sourceTree = "<group>"; };
		D9AD020D270E88A6006D0E66 /* LoadingView.swift */ = {isa = PBXFileReference; lastKnownFileType = sourcecode.swift; path = LoadingView.swift; sourceTree = "<group>"; };
/* End PBXFileReference section */

/* Begin PBXFrameworksBuildPhase section */
		D9AD01E1270E71EA006D0E66 /* Frameworks */ = {
			isa = PBXFrameworksBuildPhase;
			buildActionMask = 2147483647;
			files = (
			);
			runOnlyForDeploymentPostprocessing = 0;
		};
/* End PBXFrameworksBuildPhase section */

/* Begin PBXGroup section */
		D9AD01DB270E71E9006D0E66 = {
			isa = PBXGroup;
			children = (
				D9AD01E6270E71EA006D0E66 /* Quotes */,
				D9AD01E5270E71EA006D0E66 /* Products */,
			);
			sourceTree = "<group>";
		};
		D9AD01E5270E71EA006D0E66 /* Products */ = {
			isa = PBXGroup;
			children = (
				D9AD01E4270E71EA006D0E66 /* Quotes.app */,
			);
			name = Products;
			sourceTree = "<group>";
		};
		D9AD01E6270E71EA006D0E66 /* Quotes */ = {
			isa = PBXGroup;
			children = (
				D9AD020A270E885C006D0E66 /* Base */,
				D9AD01F8270E73A9006D0E66 /* Feature */,
				D9AD01E7270E71EA006D0E66 /* QuotesApp.swift */,
				D9AD01E9270E71EA006D0E66 /* ContentView.swift */,
				D9AD01EB270E71F5006D0E66 /* Assets.xcassets */,
				D9AD01ED270E71F5006D0E66 /* Preview Content */,
			);
			path = Quotes;
			sourceTree = "<group>";
		};
		D9AD01ED270E71F5006D0E66 /* Preview Content */ = {
			isa = PBXGroup;
			children = (
				D9AD01EE270E71F5006D0E66 /* Preview Assets.xcassets */,
			);
			path = "Preview Content";
			sourceTree = "<group>";
		};
		D9AD01F5270E7276006D0E66 /*  Constants */ = {
			isa = PBXGroup;
			children = (
				D9AD01F6270E7293006D0E66 /* APIConstants.swift */,
			);
			path = " Constants";
			sourceTree = "<group>";
		};
		D9AD01F8270E73A9006D0E66 /* Feature */ = {
			isa = PBXGroup;
			children = (
				D9AD01F9270E73C6006D0E66 /* _Quotes */,
			);
			path = Feature;
			sourceTree = "<group>";
		};
		D9AD01F9270E73C6006D0E66 /* _Quotes */ = {
			isa = PBXGroup;
			children = (
				D9AD0207270E7EE4006D0E66 /* ViewModel */,
				D9AD0204270E7C47006D0E66 /* Service */,
				D9AD0200270E7A8F006D0E66 /* Views */,
				D9AD01FD270E7736006D0E66 /* Screen */,
				D9AD01FA270E741D006D0E66 /* Model */,
			);
			path = _Quotes;
			sourceTree = "<group>";
		};
		D9AD01FA270E741D006D0E66 /* Model */ = {
			isa = PBXGroup;
			children = (
				D9AD01FB270E7442006D0E66 /* Quote.swift */,
			);
			path = Model;
			sourceTree = "<group>";
		};
		D9AD01FD270E7736006D0E66 /* Screen */ = {
			isa = PBXGroup;
			children = (
				D9AD01FE270E774E006D0E66 /* QuoteScreen.swift */,
			);
			path = Screen;
			sourceTree = "<group>";
		};
		D9AD0200270E7A8F006D0E66 /* Views */ = {
			isa = PBXGroup;
			children = (
				D9AD0201270E7AB9006D0E66 /* QuoteView.swift */,
			);
			path = Views;
			sourceTree = "<group>";
		};
		D9AD0204270E7C47006D0E66 /* Service */ = {
			isa = PBXGroup;
			children = (
				D9AD0205270E7C64006D0E66 /* QuotesService.swift */,
			);
			path = Service;
			sourceTree = "<group>";
		};
		D9AD0207270E7EE4006D0E66 /* ViewModel */ = {
			isa = PBXGroup;
			children = (
				D9AD0208270E7EFA006D0E66 /* QuotesViewModel.swift */,
			);
			path = ViewModel;
			sourceTree = "<group>";
		};
		D9AD020A270E885C006D0E66 /* Base */ = {
			isa = PBXGroup;
			children = (
				D9AD020B270E887B006D0E66 /* Views */,
				D9AD01F5270E7276006D0E66 /*  Constants */,
			);
			path = Base;
			sourceTree = "<group>";
		};
		D9AD020B270E887B006D0E66 /* Views */ = {
			isa = PBXGroup;
			children = (
				D9AD020C270E8883006D0E66 /* Loading */,
			);
			path = Views;
			sourceTree = "<group>";
		};
		D9AD020C270E8883006D0E66 /* Loading */ = {
			isa = PBXGroup;
			children = (
				D9AD020D270E88A6006D0E66 /* LoadingView.swift */,
			);
			path = Loading;
			sourceTree = "<group>";
		};
/* End PBXGroup section */

/* Begin PBXNativeTarget section */
		D9AD01E3270E71EA006D0E66 /* Quotes */ = {
			isa = PBXNativeTarget;
			buildConfigurationList = D9AD01F2270E71F5006D0E66 /* Build configuration list for PBXNativeTarget "Quotes" */;
			buildPhases = (
				D9AD01E0270E71EA006D0E66 /* Sources */,
				D9AD01E1270E71EA006D0E66 /* Frameworks */,
				D9AD01E2270E71EA006D0E66 /* Resources */,
			);
			buildRules = (
			);
			dependencies = (
			);
			name = Quotes;
			productName = Quotes;
			productReference = D9AD01E4270E71EA006D0E66 /* Quotes.app */;
			productType = "com.apple.product-type.application";
		};
/* End PBXNativeTarget section */

/* Begin PBXProject section */
		D9AD01DC270E71E9006D0E66 /* Project object */ = {
			isa = PBXProject;
			attributes = {
				BuildIndependentTargetsInParallel = 1;
				LastSwiftUpdateCheck = 1300;
				LastUpgradeCheck = 1300;
				TargetAttributes = {
					D9AD01E3270E71EA006D0E66 = {
						CreatedOnToolsVersion = 13.0;
					};
				};
			};
			buildConfigurationList = D9AD01DF270E71EA006D0E66 /* Build configuration list for PBXProject "Quotes" */;
			compatibilityVersion = "Xcode 13.0";
			developmentRegion = en;
			hasScannedForEncodings = 0;
			knownRegions = (
				en,
				Base,
			);
			mainGroup = D9AD01DB270E71E9006D0E66;
			productRefGroup = D9AD01E5270E71EA006D0E66 /* Products */;
			projectDirPath = "";
			projectRoot = "";
			targets = (
				D9AD01E3270E71EA006D0E66 /* Quotes */,
			);
		};
/* End PBXProject section */

/* Begin PBXResourcesBuildPhase section */
		D9AD01E2270E71EA006D0E66 /* Resources */ = {
			isa = PBXResourcesBuildPhase;
			buildActionMask = 2147483647;
			files = (
				D9AD01EF270E71F5006D0E66 /* Preview Assets.xcassets in Resources */,
				D9AD01EC270E71F5006D0E66 /* Assets.xcassets in Resources */,
			);
			runOnlyForDeploymentPostprocessing = 0;
		};
/* End PBXResourcesBuildPhase section */

/* Begin PBXSourcesBuildPhase section */
		D9AD01E0270E71EA006D0E66 /* Sources */ = {
			isa = PBXSourcesBuildPhase;
			buildActionMask = 2147483647;
			files = (
				D9AD01FF270E774E006D0E66 /* QuoteScreen.swift in Sources */,
				D9AD0206270E7C64006D0E66 /* QuotesService.swift in Sources */,
				D9AD0202270E7AB9006D0E66 /* QuoteView.swift in Sources */,
				D9AD01FC270E7442006D0E66 /* Quote.swift in Sources */,
				D9AD01EA270E71EA006D0E66 /* ContentView.swift in Sources */,
				D9AD0209270E7EFA006D0E66 /* QuotesViewModel.swift in Sources */,
				D9AD01E8270E71EA006D0E66 /* QuotesApp.swift in Sources */,
				D9AD01F7270E7293006D0E66 /* APIConstants.swift in Sources */,
				D9AD020E270E88A6006D0E66 /* LoadingView.swift in Sources */,
			);
			runOnlyForDeploymentPostprocessing = 0;
		};
/* End PBXSourcesBuildPhase section */

/* Begin XCBuildConfiguration section */
		D9AD01F0270E71F5006D0E66 /* Debug */ = {
			isa = XCBuildConfiguration;
			buildSettings = {
				ALWAYS_SEARCH_USER_PATHS = NO;
				CLANG_ANALYZER_NONNULL = YES;
				CLANG_ANALYZER_NUMBER_OBJECT_CONVERSION = YES_AGGRESSIVE;
				CLANG_CXX_LANGUAGE_STANDARD = "gnu++17";
				CLANG_CXX_LIBRARY = "libc++";
				CLANG_ENABLE_MODULES = YES;
				CLANG_ENABLE_OBJC_ARC = YES;
				CLANG_ENABLE_OBJC_WEAK = YES;
				CLANG_WARN_BLOCK_CAPTURE_AUTORELEASING = YES;
				CLANG_WARN_BOOL_CONVERSION = YES;
				CLANG_WARN_COMMA = YES;
				CLANG_WARN_CONSTANT_CONVERSION = YES;
				CLANG_WARN_DEPRECATED_OBJC_IMPLEMENTATIONS = YES;
				CLANG_WARN_DIRECT_OBJC_ISA_USAGE = YES_ERROR;
				CLANG_WARN_DOCUMENTATION_COMMENTS = YES;
				CLANG_WARN_EMPTY_BODY = YES;
				CLANG_WARN_ENUM_CONVERSION = YES;
				CLANG_WARN_INFINITE_RECURSION = YES;
				CLANG_WARN_INT_CONVERSION = YES;
				CLANG_WARN_NON_LITERAL_NULL_CONVERSION = YES;
				CLANG_WARN_OBJC_IMPLICIT_RETAIN_SELF = YES;
				CLANG_WARN_OBJC_LITERAL_CONVERSION = YES;
				CLANG_WARN_OBJC_ROOT_CLASS = YES_ERROR;
				CLANG_WARN_QUOTED_INCLUDE_IN_FRAMEWORK_HEADER = YES;
				CLANG_WARN_RANGE_LOOP_ANALYSIS = YES;
				CLANG_WARN_STRICT_PROTOTYPES = YES;
				CLANG_WARN_SUSPICIOUS_MOVE = YES;
				CLANG_WARN_UNGUARDED_AVAILABILITY = YES_AGGRESSIVE;
				CLANG_WARN_UNREACHABLE_CODE = YES;
				CLANG_WARN__DUPLICATE_METHOD_MATCH = YES;
				COPY_PHASE_STRIP = NO;
				DEBUG_INFORMATION_FORMAT = dwarf;
				ENABLE_STRICT_OBJC_MSGSEND = YES;
				ENABLE_TESTABILITY = YES;
				GCC_C_LANGUAGE_STANDARD = gnu11;
				GCC_DYNAMIC_NO_PIC = NO;
				GCC_NO_COMMON_BLOCKS = YES;
				GCC_OPTIMIZATION_LEVEL = 0;
				GCC_PREPROCESSOR_DEFINITIONS = (
					"DEBUG=1",
					"$(inherited)",
				);
				GCC_WARN_64_TO_32_BIT_CONVERSION = YES;
				GCC_WARN_ABOUT_RETURN_TYPE = YES_ERROR;
				GCC_WARN_UNDECLARED_SELECTOR = YES;
				GCC_WARN_UNINITIALIZED_AUTOS = YES_AGGRESSIVE;
				GCC_WARN_UNUSED_FUNCTION = YES;
				GCC_WARN_UNUSED_VARIABLE = YES;
				IPHONEOS_DEPLOYMENT_TARGET = 15.0;
				MTL_ENABLE_DEBUG_INFO = INCLUDE_SOURCE;
				MTL_FAST_MATH = YES;
				ONLY_ACTIVE_ARCH = YES;
				SDKROOT = iphoneos;
				SWIFT_ACTIVE_COMPILATION_CONDITIONS = DEBUG;
				SWIFT_OPTIMIZATION_LEVEL = "-Onone";
			};
			name = Debug;
		};
		D9AD01F1270E71F5006D0E66 /* Release */ = {
			isa = XCBuildConfiguration;
			buildSettings = {
				ALWAYS_SEARCH_USER_PATHS = NO;
				CLANG_ANALYZER_NONNULL = YES;
				CLANG_ANALYZER_NUMBER_OBJECT_CONVERSION = YES_AGGRESSIVE;
				CLANG_CXX_LANGUAGE_STANDARD = "gnu++17";
				CLANG_CXX_LIBRARY = "libc++";
				CLANG_ENABLE_MODULES = YES;
				CLANG_ENABLE_OBJC_ARC = YES;
				CLANG_ENABLE_OBJC_WEAK = YES;
				CLANG_WARN_BLOCK_CAPTURE_AUTORELEASING = YES;
				CLANG_WARN_BOOL_CONVERSION = YES;
				CLANG_WARN_COMMA = YES;
				CLANG_WARN_CONSTANT_CONVERSION = YES;
				CLANG_WARN_DEPRECATED_OBJC_IMPLEMENTATIONS = YES;
				CLANG_WARN_DIRECT_OBJC_ISA_USAGE = YES_ERROR;
				CLANG_WARN_DOCUMENTATION_COMMENTS = YES;
				CLANG_WARN_EMPTY_BODY = YES;
				CLANG_WARN_ENUM_CONVERSION = YES;
				CLANG_WARN_INFINITE_RECURSION = YES;
				CLANG_WARN_INT_CONVERSION = YES;
				CLANG_WARN_NON_LITERAL_NULL_CONVERSION = YES;
				CLANG_WARN_OBJC_IMPLICIT_RETAIN_SELF = YES;
				CLANG_WARN_OBJC_LITERAL_CONVERSION = YES;
				CLANG_WARN_OBJC_ROOT_CLASS = YES_ERROR;
				CLANG_WARN_QUOTED_INCLUDE_IN_FRAMEWORK_HEADER = YES;
				CLANG_WARN_RANGE_LOOP_ANALYSIS = YES;
				CLANG_WARN_STRICT_PROTOTYPES = YES;
				CLANG_WARN_SUSPICIOUS_MOVE = YES;
				CLANG_WARN_UNGUARDED_AVAILABILITY = YES_AGGRESSIVE;
				CLANG_WARN_UNREACHABLE_CODE = YES;
				CLANG_WARN__DUPLICATE_METHOD_MATCH = YES;
				COPY_PHASE_STRIP = NO;
				DEBUG_INFORMATION_FORMAT = "dwarf-with-dsym";
				ENABLE_NS_ASSERTIONS = NO;
				ENABLE_STRICT_OBJC_MSGSEND = YES;
				GCC_C_LANGUAGE_STANDARD = gnu11;
				GCC_NO_COMMON_BLOCKS = YES;
				GCC_WARN_64_TO_32_BIT_CONVERSION = YES;
				GCC_WARN_ABOUT_RETURN_TYPE = YES_ERROR;
				GCC_WARN_UNDECLARED_SELECTOR = YES;
				GCC_WARN_UNINITIALIZED_AUTOS = YES_AGGRESSIVE;
				GCC_WARN_UNUSED_FUNCTION = YES;
				GCC_WARN_UNUSED_VARIABLE = YES;
				IPHONEOS_DEPLOYMENT_TARGET = 15.0;
				MTL_ENABLE_DEBUG_INFO = NO;
				MTL_FAST_MATH = YES;
				SDKROOT = iphoneos;
				SWIFT_COMPILATION_MODE = wholemodule;
				SWIFT_OPTIMIZATION_LEVEL = "-O";
				VALIDATE_PRODUCT = YES;
			};
			name = Release;
		};
		D9AD01F3270E71F5006D0E66 /* Debug */ = {
			isa = XCBuildConfiguration;
			buildSettings = {
				ASSETCATALOG_COMPILER_APPICON_NAME = AppIcon;
				ASSETCATALOG_COMPILER_GLOBAL_ACCENT_COLOR_NAME = AccentColor;
				CODE_SIGN_STYLE = Automatic;
				CURRENT_PROJECT_VERSION = 1;
				DEVELOPMENT_ASSET_PATHS = "\"Quotes/Preview Content\"";
				DEVELOPMENT_TEAM = 5MJ295G5NG;
				ENABLE_PREVIEWS = YES;
				GENERATE_INFOPLIST_FILE = YES;
				INFOPLIST_KEY_UIApplicationSceneManifest_Generation = YES;
				INFOPLIST_KEY_UIApplicationSupportsIndirectInputEvents = YES;
				INFOPLIST_KEY_UILaunchScreen_Generation = YES;
				INFOPLIST_KEY_UISupportedInterfaceOrientations_iPad = "UIInterfaceOrientationPortrait UIInterfaceOrientationPortraitUpsideDown UIInterfaceOrientationLandscapeLeft UIInterfaceOrientationLandscapeRight";
				INFOPLIST_KEY_UISupportedInterfaceOrientations_iPhone = "UIInterfaceOrientationPortrait UIInterfaceOrientationLandscapeLeft UIInterfaceOrientationLandscapeRight";
				IPHONEOS_DEPLOYMENT_TARGET = 15.0;
				LD_RUNPATH_SEARCH_PATHS = (
					"$(inherited)",
					"@executable_path/Frameworks",
				);
				MARKETING_VERSION = 1.0;
				PRODUCT_BUNDLE_IDENTIFIER = ca.abdulkhan.Quotes;
				PRODUCT_NAME = "$(TARGET_NAME)";
				SWIFT_EMIT_LOC_STRINGS = YES;
				SWIFT_VERSION = 5.0;
				TARGETED_DEVICE_FAMILY = "1,2";
			};
			name = Debug;
		};
		D9AD01F4270E71F5006D0E66 /* Release */ = {
			isa = XCBuildConfiguration;
			buildSettings = {
				ASSETCATALOG_COMPILER_APPICON_NAME = AppIcon;
				ASSETCATALOG_COMPILER_GLOBAL_ACCENT_COLOR_NAME = AccentColor;
				CODE_SIGN_STYLE = Automatic;
				CURRENT_PROJECT_VERSION = 1;
				DEVELOPMENT_ASSET_PATHS = "\"Quotes/Preview Content\"";
				DEVELOPMENT_TEAM = 5MJ295G5NG;
				ENABLE_PREVIEWS = YES;
				GENERATE_INFOPLIST_FILE = YES;
				INFOPLIST_KEY_UIApplicationSceneManifest_Generation = YES;
				INFOPLIST_KEY_UIApplicationSupportsIndirectInputEvents = YES;
				INFOPLIST_KEY_UILaunchScreen_Generation = YES;
				INFOPLIST_KEY_UISupportedInterfaceOrientations_iPad = "UIInterfaceOrientationPortrait UIInterfaceOrientationPortraitUpsideDown UIInterfaceOrientationLandscapeLeft UIInterfaceOrientationLandscapeRight";
				INFOPLIST_KEY_UISupportedInterfaceOrientations_iPhone = "UIInterfaceOrientationPortrait UIInterfaceOrientationLandscapeLeft UIInterfaceOrientationLandscapeRight";
				IPHONEOS_DEPLOYMENT_TARGET = 15.0;
				LD_RUNPATH_SEARCH_PATHS = (
					"$(inherited)",
					"@executable_path/Frameworks",
				);
				MARKETING_VERSION = 1.0;
				PRODUCT_BUNDLE_IDENTIFIER = ca.abdulkhan.Quotes;
				PRODUCT_NAME = "$(TARGET_NAME)";
				SWIFT_EMIT_LOC_STRINGS = YES;
				SWIFT_VERSION = 5.0;
				TARGETED_DEVICE_FAMILY = "1,2";
			};
			name = Release;
		};
/* End XCBuildConfiguration section */

/* Begin XCConfigurationList section */
		D9AD01DF270E71EA006D0E66 /* Build configuration list for PBXProject "Quotes" */ = {
			isa = XCConfigurationList;
			buildConfigurations = (
				D9AD01F0270E71F5006D0E66 /* Debug */,
				D9AD01F1270E71F5006D0E66 /* Release */,
			);
			defaultConfigurationIsVisible = 0;
			defaultConfigurationName = Release;
		};
		D9AD01F2270E71F5006D0E66 /* Build configuration list for PBXNativeTarget "Quotes" */ = {
			isa = XCConfigurationList;
			buildConfigurations = (
				D9AD01F3270E71F5006D0E66 /* Debug */,
				D9AD01F4270E71F5006D0E66 /* Release */,
			);
			defaultConfigurationIsVisible = 0;
			defaultConfigurationName = Release;
		};
/* End XCConfigurationList section */
	};
	rootObject = D9AD01DC270E71E9006D0E66 /* Project object */;
}
